{
  "object": {
    "pins": [
      {
        "package": "swift-snapshot-testing",
        "repositoryURL": "https://github.com/pointfreeco/swift-snapshot-testing",
        "state": {
          "branch": "main",
          "revision": "88f6e2c0afe04221fcfb1601a2ecaad83115a05f",
          "version": null
        }
      }
    ]
  },
  "version": 1
}
